
Microsoft Visual Studio Solution File, Format Version 12.00
# Visual Studio Version 17
VisualStudioVersion = 17.13.35931.197 d17.13
MinimumVisualStudioVersion = 10.0.40219.1
Project("{FAE04EC0-301F-11D3-BF4B-00C04F79EFBC}") = "HeraCrossController", "HeraCrossController.csproj", "{BEF1EAC0-CEF8-4FE1-B867-775240D64CC4}"
EndProject
Global
	GlobalSection(SolutionConfigurationPlatforms) = preSolution
		Debug|Any CPU = Debug|Any CPU
		Release|Any CPU = Release|Any CPU
	EndGlobalSection
	GlobalSection(ProjectConfigurationPlatforms) = postSolution
		{BEF1EAC0-CEF8-4FE1-B867-775240D64CC4}.Debug|Any CPU.ActiveCfg = Debug|Any CPU
		{BEF1EAC0-CEF8-4FE1-B867-775240D64CC4}.Debug|Any CPU.Build.0 = Debug|Any CPU
		{BEF1EAC0-CEF8-4FE1-B867-775240D64CC4}.Debug|Any CPU.Deploy.0 = Debug|Any CPU
		{BEF1EAC0-CEF8-4FE1-B867-775240D64CC4}.Release|Any CPU.ActiveCfg = Release|Any CPU
		{BEF1EAC0-CEF8-4FE1-B867-775240D64CC4}.Release|Any CPU.Build.0 = Release|Any CPU
		{BEF1EAC0-CEF8-4FE1-B867-775240D64CC4}.Release|Any CPU.Deploy.0 = Release|Any CPU
	EndGlobalSection
	GlobalSection(SolutionProperties) = preSolution
		HideSolutionNode = FALSE
	EndGlobalSection
	GlobalSection(ExtensibilityGlobals) = postSolution
		SolutionGuid = {FC7167D9-0FB2-466F-AA06-1618FF4676C6}
	EndGlobalSection
EndGlobal
